{
  "name": "work-coordination",
  "version": "0.1.0",
  "lockfileVersion": 3,
  "requires": true,
  "packages": {
    "": {
      "name": "work-coordination",
      "version": "0.1.0",
      "bin": {
        "work-coordination": "bin/work-coordination.mjs"
      },
      "engines": {
        "node": ">=22.5"
      }
    }
  }
}
